
Microsoft Visual Studio Solution File, Format Version 12.00
# Visual Studio Version 16
VisualStudioVersion = 16.0.29025.244
MinimumVisualStudioVersion = 10.0.40219.1
Project("{9A19103F-16F7-4668-BE54-9A1E7A4F7556}") = "Employee.RepositoryPattern.Api", "Employee.RepositoryPattern.Api\Employee.RepositoryPattern.Api.csproj", "{76984C61-E2A5-4E7E-AF63-192B89444CF0}"
EndProject
Project("{9A19103F-16F7-4668-BE54-9A1E7A4F7556}") = "Employee.RepositoryPattern.EntityFramework", "Employee.RepositoryPattern.EntityFramework\Employee.RepositoryPattern.EntityFramework.csproj", "{8BCA5915-54B7-430C-8934-74D44E4ECB36}"
EndProject
Project("{9A19103F-16F7-4668-BE54-9A1E7A4F7556}") = "Employee.RepositoryPattern.Model", "Employee.RepositoryPattern.Model\Employee.RepositoryPattern.Model.csproj", "{958CFA42-15A8-4C6E-83CA-48DEE2657615}"
EndProject
Project("{9A19103F-16F7-4668-BE54-9A1E7A4F7556}") = "Employee.RepositoryPattern.Repository", "Employee.RepositoryPattern.Repository\Employee.RepositoryPattern.Repository.csproj", "{314B3FEF-3E30-4C2F-9226-80A9B9434F0E}"
EndProject
Global
	GlobalSection(SolutionConfigurationPlatforms) = preSolution
		Debug|Any CPU = Debug|Any CPU
		Release|Any CPU = Release|Any CPU
	EndGlobalSection
	GlobalSection(ProjectConfigurationPlatforms) = postSolution
		{76984C61-E2A5-4E7E-AF63-192B89444CF0}.Debug|Any CPU.ActiveCfg = Debug|Any CPU
		{76984C61-E2A5-4E7E-AF63-192B89444CF0}.Debug|Any CPU.Build.0 = Debug|Any CPU
		{76984C61-E2A5-4E7E-AF63-192B89444CF0}.Release|Any CPU.ActiveCfg = Release|Any CPU
		{76984C61-E2A5-4E7E-AF63-192B89444CF0}.Release|Any CPU.Build.0 = Release|Any CPU
		{8BCA5915-54B7-430C-8934-74D44E4ECB36}.Debug|Any CPU.ActiveCfg = Debug|Any CPU
		{8BCA5915-54B7-430C-8934-74D44E4ECB36}.Debug|Any CPU.Build.0 = Debug|Any CPU
		{8BCA5915-54B7-430C-8934-74D44E4ECB36}.Release|Any CPU.ActiveCfg = Release|Any CPU
		{8BCA5915-54B7-430C-8934-74D44E4ECB36}.Release|Any CPU.Build.0 = Release|Any CPU
		{958CFA42-15A8-4C6E-83CA-48DEE2657615}.Debug|Any CPU.ActiveCfg = Debug|Any CPU
		{958CFA42-15A8-4C6E-83CA-48DEE2657615}.Debug|Any CPU.Build.0 = Debug|Any CPU
		{958CFA42-15A8-4C6E-83CA-48DEE2657615}.Release|Any CPU.ActiveCfg = Release|Any CPU
		{958CFA42-15A8-4C6E-83CA-48DEE2657615}.Release|Any CPU.Build.0 = Release|Any CPU
		{314B3FEF-3E30-4C2F-9226-80A9B9434F0E}.Debug|Any CPU.ActiveCfg = Debug|Any CPU
		{314B3FEF-3E30-4C2F-9226-80A9B9434F0E}.Debug|Any CPU.Build.0 = Debug|Any CPU
		{314B3FEF-3E30-4C2F-9226-80A9B9434F0E}.Release|Any CPU.ActiveCfg = Release|Any CPU
		{314B3FEF-3E30-4C2F-9226-80A9B9434F0E}.Release|Any CPU.Build.0 = Release|Any CPU
	EndGlobalSection
	GlobalSection(SolutionProperties) = preSolution
		HideSolutionNode = FALSE
	EndGlobalSection
	GlobalSection(ExtensibilityGlobals) = postSolution
		SolutionGuid = {4E402C35-3A35-4476-BF63-64EBF6ADB5E2}
	EndGlobalSection
EndGlobal
